
Microsoft Visual Studio Solution File, Format Version 12.00
# Visual Studio Version 17
VisualStudioVersion = 17.10.34928.147
MinimumVisualStudioVersion = 10.0.40219.1
Project("{FAE04EC0-301F-11D3-BF4B-00C04F79EFBC}") = "DataGenerator", "DataGenerator\DataGenerator.csproj", "{52519BD3-7D42-4D97-871A-8FA487BC58F0}"
EndProject
Global
	GlobalSection(SolutionConfigurationPlatforms) = preSolution
		Debug|Any CPU = Debug|Any CPU
		Release|Any CPU = Release|Any CPU
	EndGlobalSection
	GlobalSection(ProjectConfigurationPlatforms) = postSolution
		{52519BD3-7D42-4D97-871A-8FA487BC58F0}.Debug|Any CPU.ActiveCfg = Debug|Any CPU
		{52519BD3-7D42-4D97-871A-8FA487BC58F0}.Debug|Any CPU.Build.0 = Debug|Any CPU
		{52519BD3-7D42-4D97-871A-8FA487BC58F0}.Release|Any CPU.ActiveCfg = Release|Any CPU
		{52519BD3-7D42-4D97-871A-8FA487BC58F0}.Release|Any CPU.Build.0 = Release|Any CPU
	EndGlobalSection
	GlobalSection(SolutionProperties) = preSolution
		HideSolutionNode = FALSE
	EndGlobalSection
	GlobalSection(ExtensibilityGlobals) = postSolution
		SolutionGuid = {EC56C8C4-2BE6-424A-A1D2-4F952812AF87}
	EndGlobalSection
EndGlobal
